packages:
  - name: dbt_expectations
    package: metaplane/dbt_expectations
    version: 0.10.9
  - name: dbt_utils
    package: dbt-labs/dbt_utils
    version: 1.3.1
  - name: codegen
    package: dbt-labs/codegen
    version: 0.13.1
  - name: dbt_snowflake_monitoring
    package: get-select/dbt_snowflake_monitoring
    version: 5.4.7
  - name: dbt_date
    package: godatadriven/dbt_date
    version: 0.16.1
  - name: dbt_snowflake_query_tags
    package: get-select/dbt_snowflake_query_tags
    version: 2.5.3
sha1_hash: 4a4e73cddbf30ab9939a48a9c5f2b8965c783bd6
